// !$*UTF8*$!
{
	archiveVersion = 1;
	classes = {
	};
	objectVersion = 56;
	objects = {

/* Begin PBXBuildFile section */
		3B17CE4E2AD6DCD400B8D895 /* BarracaCard.swift in Sources */ = {isa = PBXBuildFile; fileRef = 3B17CE4D2AD6DCD400B8D895 /* BarracaCard.swift */; };
		3B17CE532AD6DD3600B8D895 /* PBFButtonStyle.swift in Sources */ = {isa = PBXBuildFile; fileRef = 3B17CE522AD6DD3600B8D895 /* PBFButtonStyle.swift */; };
		3B17CE562AD6DD7C00B8D895 /* CartView.swift in Sources */ = {isa = PBXBuildFile; fileRef = 3B17CE552AD6DD7C00B8D895 /* CartView.swift */; };
		3B17CE582AD6DD9000B8D895 /* ChooseAccountView.swift in Sources */ = {isa = PBXBuildFile; fileRef = 3B17CE572AD6DD9000B8D895 /* ChooseAccountView.swift */; };
		3B17CE5A2AD6DDA200B8D895 /* CreateClientAccountView.swift in Sources */ = {isa = PBXBuildFile; fileRef = 3B17CE592AD6DDA200B8D895 /* CreateClientAccountView.swift */; };
		3B17CE5C2AD6DDB500B8D895 /* FeirasView.swift in Sources */ = {isa = PBXBuildFile; fileRef = 3B17CE5B2AD6DDB500B8D895 /* FeirasView.swift */; };
		3B17CE5E2AD6DDC300B8D895 /* LoginClientView.swift in Sources */ = {isa = PBXBuildFile; fileRef = 3B17CE5D2AD6DDC300B8D895 /* LoginClientView.swift */; };
		3B17CE602AD6DDD100B8D895 /* LoginFeiranteView.swift in Sources */ = {isa = PBXBuildFile; fileRef = 3B17CE5F2AD6DDD100B8D895 /* LoginFeiranteView.swift */; };
		3B17CE622AD6DDEB00B8D895 /* ProfileView.swift in Sources */ = {isa = PBXBuildFile; fileRef = 3B17CE612AD6DDEB00B8D895 /* ProfileView.swift */; };
		3B59C0B32AD6BF51006C86CF /* GoogleService-Info.plist in Resources */ = {isa = PBXBuildFile; fileRef = 3B59C0B22AD6BF51006C86CF /* GoogleService-Info.plist */; };
		3B59C0B62AD6BFAD006C86CF /* FirebaseAnalytics in Frameworks */ = {isa = PBXBuildFile; productRef = 3B59C0B52AD6BFAD006C86CF /* FirebaseAnalytics */; };
		3B59C0B82AD6BFAD006C86CF /* FirebaseAnalyticsOnDeviceConversion in Frameworks */ = {isa = PBXBuildFile; productRef = 3B59C0B72AD6BFAD006C86CF /* FirebaseAnalyticsOnDeviceConversion */; };
		3B59C0BA2AD6BFAD006C86CF /* FirebaseAnalyticsSwift in Frameworks */ = {isa = PBXBuildFile; productRef = 3B59C0B92AD6BFAD006C86CF /* FirebaseAnalyticsSwift */; };
		3B59C0BC2AD6BFAD006C86CF /* FirebaseAnalyticsWithoutAdIdSupport in Frameworks */ = {isa = PBXBuildFile; productRef = 3B59C0BB2AD6BFAD006C86CF /* FirebaseAnalyticsWithoutAdIdSupport */; };
		3B59C0BE2AD6BFAD006C86CF /* FirebaseAppCheck in Frameworks */ = {isa = PBXBuildFile; productRef = 3B59C0BD2AD6BFAD006C86CF /* FirebaseAppCheck */; };
		3B59C0C32AD6C07A006C86CF /* Cliente.swift in Sources */ = {isa = PBXBuildFile; fileRef = 3B59C0C22AD6C07A006C86CF /* Cliente.swift */; };
		3B59C0C62AD6C335006C86CF /* ViewModel.swift in Sources */ = {isa = PBXBuildFile; fileRef = 3B59C0C52AD6C335006C86CF /* ViewModel.swift */; };
		3B59C0C82AD6C3E8006C86CF /* FirebaseAnalytics in Frameworks */ = {isa = PBXBuildFile; productRef = 3B59C0C72AD6C3E8006C86CF /* FirebaseAnalytics */; };
		3B59C0CA2AD6C3E8006C86CF /* FirebaseAnalyticsOnDeviceConversion in Frameworks */ = {isa = PBXBuildFile; productRef = 3B59C0C92AD6C3E8006C86CF /* FirebaseAnalyticsOnDeviceConversion */; };
		3B59C0CC2AD6C3E8006C86CF /* FirebaseAnalyticsSwift in Frameworks */ = {isa = PBXBuildFile; productRef = 3B59C0CB2AD6C3E8006C86CF /* FirebaseAnalyticsSwift */; };
		3B59C0CE2AD6C3E8006C86CF /* FirebaseAnalyticsWithoutAdIdSupport in Frameworks */ = {isa = PBXBuildFile; productRef = 3B59C0CD2AD6C3E8006C86CF /* FirebaseAnalyticsWithoutAdIdSupport */; };
		3B59C0D02AD6C3E8006C86CF /* FirebaseAppCheck in Frameworks */ = {isa = PBXBuildFile; productRef = 3B59C0CF2AD6C3E8006C86CF /* FirebaseAppCheck */; };
		3B59C0D22AD6C61B006C86CF /* Teste.swift in Sources */ = {isa = PBXBuildFile; fileRef = 3B59C0D12AD6C61B006C86CF /* Teste.swift */; };
		3B7570D32AB1EF750047FCE4 /* PBFApp.swift in Sources */ = {isa = PBXBuildFile; fileRef = 3B7570D22AB1EF750047FCE4 /* PBFApp.swift */; };
		3B7570D52AB1EF750047FCE4 /* ContentView.swift in Sources */ = {isa = PBXBuildFile; fileRef = 3B7570D42AB1EF750047FCE4 /* ContentView.swift */; };
		3B7570D72AB1EF760047FCE4 /* Assets.xcassets in Resources */ = {isa = PBXBuildFile; fileRef = 3B7570D62AB1EF760047FCE4 /* Assets.xcassets */; };
		3B7570DA2AB1EF760047FCE4 /* Preview Assets.xcassets in Resources */ = {isa = PBXBuildFile; fileRef = 3B7570D92AB1EF760047FCE4 /* Preview Assets.xcassets */; };
		3B83F7632AD6D048004F4789 /* FirebaseDatabase in Frameworks */ = {isa = PBXBuildFile; productRef = 3B83F7622AD6D048004F4789 /* FirebaseDatabase */; };
		3B83F7652AD6D048004F4789 /* FirebaseDatabaseSwift in Frameworks */ = {isa = PBXBuildFile; productRef = 3B83F7642AD6D048004F4789 /* FirebaseDatabaseSwift */; };
		3B83F7672AD6D057004F4789 /* FirebaseFirestore in Frameworks */ = {isa = PBXBuildFile; productRef = 3B83F7662AD6D057004F4789 /* FirebaseFirestore */; };
		3B83F7692AD6D057004F4789 /* FirebaseFirestoreSwift in Frameworks */ = {isa = PBXBuildFile; productRef = 3B83F7682AD6D057004F4789 /* FirebaseFirestoreSwift */; };
		3BBAB7982AD6CD4300C57128 /* Aptabase in Frameworks */ = {isa = PBXBuildFile; productRef = 3BBAB7972AD6CD4300C57128 /* Aptabase */; };
		3BBAB79A2AD6CD5500C57128 /* Aptabase in Frameworks */ = {isa = PBXBuildFile; productRef = 3BBAB7992AD6CD5500C57128 /* Aptabase */; };
/* End PBXBuildFile section */

/* Begin PBXFileReference section */
		3B17CE4D2AD6DCD400B8D895 /* BarracaCard.swift */ = {isa = PBXFileReference; lastKnownFileType = sourcecode.swift; path = BarracaCard.swift; sourceTree = "<group>"; };
		3B17CE502AD6DD1200B8D895 /* Oferta-do-Dia.ttf */ = {isa = PBXFileReference; lastKnownFileType = file; path = "Oferta-do-Dia.ttf"; sourceTree = "<group>"; };
		3B17CE522AD6DD3600B8D895 /* PBFButtonStyle.swift */ = {isa = PBXFileReference; lastKnownFileType = sourcecode.swift; path = PBFButtonStyle.swift; sourceTree = "<group>"; };
		3B17CE552AD6DD7C00B8D895 /* CartView.swift */ = {isa = PBXFileReference; lastKnownFileType = sourcecode.swift; path = CartView.swift; sourceTree = "<group>"; };
		3B17CE572AD6DD9000B8D895 /* ChooseAccountView.swift */ = {isa = PBXFileReference; lastKnownFileType = sourcecode.swift; path = ChooseAccountView.swift; sourceTree = "<group>"; };
		3B17CE592AD6DDA200B8D895 /* CreateClientAccountView.swift */ = {isa = PBXFileReference; lastKnownFileType = sourcecode.swift; path = CreateClientAccountView.swift; sourceTree = "<group>"; };
		3B17CE5B2AD6DDB500B8D895 /* FeirasView.swift */ = {isa = PBXFileReference; lastKnownFileType = sourcecode.swift; path = FeirasView.swift; sourceTree = "<group>"; };
		3B17CE5D2AD6DDC300B8D895 /* LoginClientView.swift */ = {isa = PBXFileReference; lastKnownFileType = sourcecode.swift; path = LoginClientView.swift; sourceTree = "<group>"; };
		3B17CE5F2AD6DDD100B8D895 /* LoginFeiranteView.swift */ = {isa = PBXFileReference; lastKnownFileType = sourcecode.swift; path = LoginFeiranteView.swift; sourceTree = "<group>"; };
		3B17CE612AD6DDEB00B8D895 /* ProfileView.swift */ = {isa = PBXFileReference; lastKnownFileType = sourcecode.swift; path = ProfileView.swift; sourceTree = "<group>"; };
		3B59C0B22AD6BF51006C86CF /* GoogleService-Info.plist */ = {isa = PBXFileReference; fileEncoding = 4; lastKnownFileType = text.plist.xml; path = "GoogleService-Info.plist"; sourceTree = "<group>"; };
		3B59C0C22AD6C07A006C86CF /* Cliente.swift */ = {isa = PBXFileReference; lastKnownFileType = sourcecode.swift; path = Cliente.swift; sourceTree = "<group>"; };
		3B59C0C52AD6C335006C86CF /* ViewModel.swift */ = {isa = PBXFileReference; lastKnownFileType = sourcecode.swift; path = ViewModel.swift; sourceTree = "<group>"; };
		3B59C0D12AD6C61B006C86CF /* Teste.swift */ = {isa = PBXFileReference; lastKnownFileType = sourcecode.swift; path = Teste.swift; sourceTree = "<group>"; };
		3B7570CF2AB1EF750047FCE4 /* PBF.app */ = {isa = PBXFileReference; explicitFileType = wrapper.application; includeInIndex = 0; path = PBF.app; sourceTree = BUILT_PRODUCTS_DIR; };
		3B7570D22AB1EF750047FCE4 /* PBFApp.swift */ = {isa = PBXFileReference; lastKnownFileType = sourcecode.swift; path = PBFApp.swift; sourceTree = "<group>"; };
		3B7570D42AB1EF750047FCE4 /* ContentView.swift */ = {isa = PBXFileReference; lastKnownFileType = sourcecode.swift; path = ContentView.swift; sourceTree = "<group>"; };
		3B7570D62AB1EF760047FCE4 /* Assets.xcassets */ = {isa = PBXFileReference; lastKnownFileType = folder.assetcatalog; path = Assets.xcassets; sourceTree = "<group>"; };
		3B7570D92AB1EF760047FCE4 /* Preview Assets.xcassets */ = {isa = PBXFileReference; lastKnownFileType = folder.assetcatalog; path = "Preview Assets.xcassets"; sourceTree = "<group>"; };
/* End PBXFileReference section */

/* Begin PBXFrameworksBuildPhase section */
		3B7570CC2AB1EF750047FCE4 /* Frameworks */ = {
			isa = PBXFrameworksBuildPhase;
			buildActionMask = 2147483647;
			files = (
				3B83F7652AD6D048004F4789 /* FirebaseDatabaseSwift in Frameworks */,
				3B83F7632AD6D048004F4789 /* FirebaseDatabase in Frameworks */,
				3B59C0BA2AD6BFAD006C86CF /* FirebaseAnalyticsSwift in Frameworks */,
				3B59C0B62AD6BFAD006C86CF /* FirebaseAnalytics in Frameworks */,
				3BBAB7982AD6CD4300C57128 /* Aptabase in Frameworks */,
				3B59C0C82AD6C3E8006C86CF /* FirebaseAnalytics in Frameworks */,
				3B59C0CA2AD6C3E8006C86CF /* FirebaseAnalyticsOnDeviceConversion in Frameworks */,
				3B83F7692AD6D057004F4789 /* FirebaseFirestoreSwift in Frameworks */,
				3BBAB79A2AD6CD5500C57128 /* Aptabase in Frameworks */,
				3B83F7672AD6D057004F4789 /* FirebaseFirestore in Frameworks */,
				3B59C0CC2AD6C3E8006C86CF /* FirebaseAnalyticsSwift in Frameworks */,
				3B59C0B82AD6BFAD006C86CF /* FirebaseAnalyticsOnDeviceConversion in Frameworks */,
				3B59C0BE2AD6BFAD006C86CF /* FirebaseAppCheck in Frameworks */,
				3B59C0CE2AD6C3E8006C86CF /* FirebaseAnalyticsWithoutAdIdSupport in Frameworks */,
				3B59C0D02AD6C3E8006C86CF /* FirebaseAppCheck in Frameworks */,
				3B59C0BC2AD6BFAD006C86CF /* FirebaseAnalyticsWithoutAdIdSupport in Frameworks */,
			);
			runOnlyForDeploymentPostprocessing = 0;
		};
/* End PBXFrameworksBuildPhase section */

/* Begin PBXGroup section */
		3B17CE4C2AD6DCC600B8D895 /* Components */ = {
			isa = PBXGroup;
			children = (
				3B17CE4D2AD6DCD400B8D895 /* BarracaCard.swift */,
			);
			path = Components;
			sourceTree = "<group>";
		};
		3B17CE4F2AD6DCEC00B8D895 /* Fonts */ = {
			isa = PBXGroup;
			children = (
				3B17CE502AD6DD1200B8D895 /* Oferta-do-Dia.ttf */,
			);
			path = Fonts;
			sourceTree = "<group>";
		};
		3B17CE512AD6DD1F00B8D895 /* Style */ = {
			isa = PBXGroup;
			children = (
				3B17CE522AD6DD3600B8D895 /* PBFButtonStyle.swift */,
			);
			path = Style;
			sourceTree = "<group>";
		};
		3B17CE542AD6DD6200B8D895 /* Views */ = {
			isa = PBXGroup;
			children = (
				3B7570D42AB1EF750047FCE4 /* ContentView.swift */,
				3B17CE572AD6DD9000B8D895 /* ChooseAccountView.swift */,
				3B17CE592AD6DDA200B8D895 /* CreateClientAccountView.swift */,
				3B17CE5D2AD6DDC300B8D895 /* LoginClientView.swift */,
				3B17CE5F2AD6DDD100B8D895 /* LoginFeiranteView.swift */,
				3B17CE552AD6DD7C00B8D895 /* CartView.swift */,
				3B17CE5B2AD6DDB500B8D895 /* FeirasView.swift */,
				3B17CE612AD6DDEB00B8D895 /* ProfileView.swift */,
			);
			path = Views;
			sourceTree = "<group>";
		};
		3B59C0C12AD6C063006C86CF /* Model */ = {
			isa = PBXGroup;
			children = (
				3B59C0C22AD6C07A006C86CF /* Cliente.swift */,
			);
			path = Model;
			sourceTree = "<group>";
		};
		3B59C0C42AD6C328006C86CF /* ViewModel */ = {
			isa = PBXGroup;
			children = (
				3B59C0C52AD6C335006C86CF /* ViewModel.swift */,
			);
			path = ViewModel;
			sourceTree = "<group>";
		};
		3B7570C62AB1EF750047FCE4 = {
			isa = PBXGroup;
			children = (
				3B7570D12AB1EF750047FCE4 /* PBF */,
				3B59C0B22AD6BF51006C86CF /* GoogleService-Info.plist */,
				3B7570D02AB1EF750047FCE4 /* Products */,
				3B83F7612AD6D048004F4789 /* Frameworks */,
			);
			sourceTree = "<group>";
		};
		3B7570D02AB1EF750047FCE4 /* Products */ = {
			isa = PBXGroup;
			children = (
				3B7570CF2AB1EF750047FCE4 /* PBF.app */,
			);
			name = Products;
			sourceTree = "<group>";
		};
		3B7570D12AB1EF750047FCE4 /* PBF */ = {
			isa = PBXGroup;
			children = (
				3B7570D22AB1EF750047FCE4 /* PBFApp.swift */,
				3B17CE4F2AD6DCEC00B8D895 /* Fonts */,
				3B59C0C42AD6C328006C86CF /* ViewModel */,
				3B59C0C12AD6C063006C86CF /* Model */,
				3B59C0D12AD6C61B006C86CF /* Teste.swift */,
				3B17CE542AD6DD6200B8D895 /* Views */,
				3B17CE512AD6DD1F00B8D895 /* Style */,
				3B17CE4C2AD6DCC600B8D895 /* Components */,
				3B7570D62AB1EF760047FCE4 /* Assets.xcassets */,
				3B7570D82AB1EF760047FCE4 /* Preview Content */,
			);
			path = PBF;
			sourceTree = "<group>";
		};
		3B7570D82AB1EF760047FCE4 /* Preview Content */ = {
			isa = PBXGroup;
			children = (
				3B7570D92AB1EF760047FCE4 /* Preview Assets.xcassets */,
			);
			path = "Preview Content";
			sourceTree = "<group>";
		};
		3B83F7612AD6D048004F4789 /* Frameworks */ = {
			isa = PBXGroup;
			children = (
			);
			name = Frameworks;
			sourceTree = "<group>";
		};
/* End PBXGroup section */

/* Begin PBXNativeTarget section */
		3B7570CE2AB1EF750047FCE4 /* PBF */ = {
			isa = PBXNativeTarget;
			buildConfigurationList = 3B7570DD2AB1EF760047FCE4 /* Build configuration list for PBXNativeTarget "PBF" */;
			buildPhases = (
				3B7570CB2AB1EF750047FCE4 /* Sources */,
				3B7570CC2AB1EF750047FCE4 /* Frameworks */,
				3B7570CD2AB1EF750047FCE4 /* Resources */,
			);
			buildRules = (
			);
			dependencies = (
			);
			name = PBF;
			packageProductDependencies = (
				3B59C0B52AD6BFAD006C86CF /* FirebaseAnalytics */,
				3B59C0B72AD6BFAD006C86CF /* FirebaseAnalyticsOnDeviceConversion */,
				3B59C0B92AD6BFAD006C86CF /* FirebaseAnalyticsSwift */,
				3B59C0BB2AD6BFAD006C86CF /* FirebaseAnalyticsWithoutAdIdSupport */,
				3B59C0BD2AD6BFAD006C86CF /* FirebaseAppCheck */,
				3B59C0C72AD6C3E8006C86CF /* FirebaseAnalytics */,
				3B59C0C92AD6C3E8006C86CF /* FirebaseAnalyticsOnDeviceConversion */,
				3B59C0CB2AD6C3E8006C86CF /* FirebaseAnalyticsSwift */,
				3B59C0CD2AD6C3E8006C86CF /* FirebaseAnalyticsWithoutAdIdSupport */,
				3B59C0CF2AD6C3E8006C86CF /* FirebaseAppCheck */,
				3BBAB7972AD6CD4300C57128 /* Aptabase */,
				3BBAB7992AD6CD5500C57128 /* Aptabase */,
				3B83F7622AD6D048004F4789 /* FirebaseDatabase */,
				3B83F7642AD6D048004F4789 /* FirebaseDatabaseSwift */,
				3B83F7662AD6D057004F4789 /* FirebaseFirestore */,
				3B83F7682AD6D057004F4789 /* FirebaseFirestoreSwift */,
			);
			productName = PBF;
			productReference = 3B7570CF2AB1EF750047FCE4 /* PBF.app */;
			productType = "com.apple.product-type.application";
		};
/* End PBXNativeTarget section */

/* Begin PBXProject section */
		3B7570C72AB1EF750047FCE4 /* Project object */ = {
			isa = PBXProject;
			attributes = {
				BuildIndependentTargetsInParallel = 1;
				LastSwiftUpdateCheck = 1430;
				LastUpgradeCheck = 1430;
				TargetAttributes = {
					3B7570CE2AB1EF750047FCE4 = {
						CreatedOnToolsVersion = 14.3.1;
					};
				};
			};
			buildConfigurationList = 3B7570CA2AB1EF750047FCE4 /* Build configuration list for PBXProject "PBF" */;
			compatibilityVersion = "Xcode 14.0";
			developmentRegion = en;
			hasScannedForEncodings = 0;
			knownRegions = (
				en,
				Base,
			);
			mainGroup = 3B7570C62AB1EF750047FCE4;
			packageReferences = (
				3B59C0B42AD6BFAD006C86CF /* XCRemoteSwiftPackageReference "firebase-ios-sdk" */,
				3BBAB7962AD6CD4200C57128 /* XCRemoteSwiftPackageReference "aptabase-swift" */,
			);
			productRefGroup = 3B7570D02AB1EF750047FCE4 /* Products */;
			projectDirPath = "";
			projectRoot = "";
			targets = (
				3B7570CE2AB1EF750047FCE4 /* PBF */,
			);
		};
/* End PBXProject section */

/* Begin PBXResourcesBuildPhase section */
		3B7570CD2AB1EF750047FCE4 /* Resources */ = {
			isa = PBXResourcesBuildPhase;
			buildActionMask = 2147483647;
			files = (
				3B7570DA2AB1EF760047FCE4 /* Preview Assets.xcassets in Resources */,
				3B7570D72AB1EF760047FCE4 /* Assets.xcassets in Resources */,
				3B59C0B32AD6BF51006C86CF /* GoogleService-Info.plist in Resources */,
			);
			runOnlyForDeploymentPostprocessing = 0;
		};
/* End PBXResourcesBuildPhase section */

/* Begin PBXSourcesBuildPhase section */
		3B7570CB2AB1EF750047FCE4 /* Sources */ = {
			isa = PBXSourcesBuildPhase;
			buildActionMask = 2147483647;
			files = (
				3B17CE532AD6DD3600B8D895 /* PBFButtonStyle.swift in Sources */,
				3B7570D52AB1EF750047FCE4 /* ContentView.swift in Sources */,
				3B17CE5C2AD6DDB500B8D895 /* FeirasView.swift in Sources */,
				3B17CE602AD6DDD100B8D895 /* LoginFeiranteView.swift in Sources */,
				3B17CE5E2AD6DDC300B8D895 /* LoginClientView.swift in Sources */,
				3B7570D32AB1EF750047FCE4 /* PBFApp.swift in Sources */,
				3B17CE4E2AD6DCD400B8D895 /* BarracaCard.swift in Sources */,
				3B59C0C62AD6C335006C86CF /* ViewModel.swift in Sources */,
				3B59C0D22AD6C61B006C86CF /* Teste.swift in Sources */,
				3B17CE562AD6DD7C00B8D895 /* CartView.swift in Sources */,
				3B17CE5A2AD6DDA200B8D895 /* CreateClientAccountView.swift in Sources */,
				3B17CE582AD6DD9000B8D895 /* ChooseAccountView.swift in Sources */,
				3B17CE622AD6DDEB00B8D895 /* ProfileView.swift in Sources */,
				3B59C0C32AD6C07A006C86CF /* Cliente.swift in Sources */,
			);
			runOnlyForDeploymentPostprocessing = 0;
		};
/* End PBXSourcesBuildPhase section */

/* Begin XCBuildConfiguration section */
		3B7570DB2AB1EF760047FCE4 /* Debug */ = {
			isa = XCBuildConfiguration;
			buildSettings = {
				ALWAYS_SEARCH_USER_PATHS = NO;
				CLANG_ANALYZER_NONNULL = YES;
				CLANG_ANALYZER_NUMBER_OBJECT_CONVERSION = YES_AGGRESSIVE;
				CLANG_CXX_LANGUAGE_STANDARD = "gnu++20";
				CLANG_ENABLE_MODULES = YES;
				CLANG_ENABLE_OBJC_ARC = YES;
				CLANG_ENABLE_OBJC_WEAK = YES;
				CLANG_WARN_BLOCK_CAPTURE_AUTORELEASING = YES;
				CLANG_WARN_BOOL_CONVERSION = YES;
				CLANG_WARN_COMMA = YES;
				CLANG_WARN_CONSTANT_CONVERSION = YES;
				CLANG_WARN_DEPRECATED_OBJC_IMPLEMENTATIONS = YES;
				CLANG_WARN_DIRECT_OBJC_ISA_USAGE = YES_ERROR;
				CLANG_WARN_DOCUMENTATION_COMMENTS = YES;
				CLANG_WARN_EMPTY_BODY = YES;
				CLANG_WARN_ENUM_CONVERSION = YES;
				CLANG_WARN_INFINITE_RECURSION = YES;
				CLANG_WARN_INT_CONVERSION = YES;
				CLANG_WARN_NON_LITERAL_NULL_CONVERSION = YES;
				CLANG_WARN_OBJC_IMPLICIT_RETAIN_SELF = YES;
				CLANG_WARN_OBJC_LITERAL_CONVERSION = YES;
				CLANG_WARN_OBJC_ROOT_CLASS = YES_ERROR;
				CLANG_WARN_QUOTED_INCLUDE_IN_FRAMEWORK_HEADER = YES;
				CLANG_WARN_RANGE_LOOP_ANALYSIS = YES;
				CLANG_WARN_STRICT_PROTOTYPES = YES;
				CLANG_WARN_SUSPICIOUS_MOVE = YES;
				CLANG_WARN_UNGUARDED_AVAILABILITY = YES_AGGRESSIVE;
				CLANG_WARN_UNREACHABLE_CODE = YES;
				CLANG_WARN__DUPLICATE_METHOD_MATCH = YES;
				COPY_PHASE_STRIP = NO;
				DEBUG_INFORMATION_FORMAT = dwarf;
				ENABLE_STRICT_OBJC_MSGSEND = YES;
				ENABLE_TESTABILITY = YES;
				GCC_C_LANGUAGE_STANDARD = gnu11;
				GCC_DYNAMIC_NO_PIC = NO;
				GCC_NO_COMMON_BLOCKS = YES;
				GCC_OPTIMIZATION_LEVEL = 0;
				GCC_PREPROCESSOR_DEFINITIONS = (
					"DEBUG=1",
					"$(inherited)",
				);
				GCC_WARN_64_TO_32_BIT_CONVERSION = YES;
				GCC_WARN_ABOUT_RETURN_TYPE = YES_ERROR;
				GCC_WARN_UNDECLARED_SELECTOR = YES;
				GCC_WARN_UNINITIALIZED_AUTOS = YES_AGGRESSIVE;
				GCC_WARN_UNUSED_FUNCTION = YES;
				GCC_WARN_UNUSED_VARIABLE = YES;
				IPHONEOS_DEPLOYMENT_TARGET = 16.4;
				MTL_ENABLE_DEBUG_INFO = INCLUDE_SOURCE;
				MTL_FAST_MATH = YES;
				ONLY_ACTIVE_ARCH = YES;
				SDKROOT = iphoneos;
				SWIFT_ACTIVE_COMPILATION_CONDITIONS = DEBUG;
				SWIFT_OPTIMIZATION_LEVEL = "-Onone";
			};
			name = Debug;
		};
		3B7570DC2AB1EF760047FCE4 /* Release */ = {
			isa = XCBuildConfiguration;
			buildSettings = {
				ALWAYS_SEARCH_USER_PATHS = NO;
				CLANG_ANALYZER_NONNULL = YES;
				CLANG_ANALYZER_NUMBER_OBJECT_CONVERSION = YES_AGGRESSIVE;
				CLANG_CXX_LANGUAGE_STANDARD = "gnu++20";
				CLANG_ENABLE_MODULES = YES;
				CLANG_ENABLE_OBJC_ARC = YES;
				CLANG_ENABLE_OBJC_WEAK = YES;
				CLANG_WARN_BLOCK_CAPTURE_AUTORELEASING = YES;
				CLANG_WARN_BOOL_CONVERSION = YES;
				CLANG_WARN_COMMA = YES;
				CLANG_WARN_CONSTANT_CONVERSION = YES;
				CLANG_WARN_DEPRECATED_OBJC_IMPLEMENTATIONS = YES;
				CLANG_WARN_DIRECT_OBJC_ISA_USAGE = YES_ERROR;
				CLANG_WARN_DOCUMENTATION_COMMENTS = YES;
				CLANG_WARN_EMPTY_BODY = YES;
				CLANG_WARN_ENUM_CONVERSION = YES;
				CLANG_WARN_INFINITE_RECURSION = YES;
				CLANG_WARN_INT_CONVERSION = YES;
				CLANG_WARN_NON_LITERAL_NULL_CONVERSION = YES;
				CLANG_WARN_OBJC_IMPLICIT_RETAIN_SELF = YES;
				CLANG_WARN_OBJC_LITERAL_CONVERSION = YES;
				CLANG_WARN_OBJC_ROOT_CLASS = YES_ERROR;
				CLANG_WARN_QUOTED_INCLUDE_IN_FRAMEWORK_HEADER = YES;
				CLANG_WARN_RANGE_LOOP_ANALYSIS = YES;
				CLANG_WARN_STRICT_PROTOTYPES = YES;
				CLANG_WARN_SUSPICIOUS_MOVE = YES;
				CLANG_WARN_UNGUARDED_AVAILABILITY = YES_AGGRESSIVE;
				CLANG_WARN_UNREACHABLE_CODE = YES;
				CLANG_WARN__DUPLICATE_METHOD_MATCH = YES;
				COPY_PHASE_STRIP = NO;
				DEBUG_INFORMATION_FORMAT = "dwarf-with-dsym";
				ENABLE_NS_ASSERTIONS = NO;
				ENABLE_STRICT_OBJC_MSGSEND = YES;
				GCC_C_LANGUAGE_STANDARD = gnu11;
				GCC_NO_COMMON_BLOCKS = YES;
				GCC_WARN_64_TO_32_BIT_CONVERSION = YES;
				GCC_WARN_ABOUT_RETURN_TYPE = YES_ERROR;
				GCC_WARN_UNDECLARED_SELECTOR = YES;
				GCC_WARN_UNINITIALIZED_AUTOS = YES_AGGRESSIVE;
				GCC_WARN_UNUSED_FUNCTION = YES;
				GCC_WARN_UNUSED_VARIABLE = YES;
				IPHONEOS_DEPLOYMENT_TARGET = 16.4;
				MTL_ENABLE_DEBUG_INFO = NO;
				MTL_FAST_MATH = YES;
				SDKROOT = iphoneos;
				SWIFT_COMPILATION_MODE = wholemodule;
				SWIFT_OPTIMIZATION_LEVEL = "-O";
				VALIDATE_PRODUCT = YES;
			};
			name = Release;
		};
		3B7570DE2AB1EF760047FCE4 /* Debug */ = {
			isa = XCBuildConfiguration;
			buildSettings = {
				ASSETCATALOG_COMPILER_APPICON_NAME = AppIcon;
				ASSETCATALOG_COMPILER_GLOBAL_ACCENT_COLOR_NAME = AccentColor;
				CODE_SIGN_STYLE = Automatic;
				CURRENT_PROJECT_VERSION = 1;
				DEVELOPMENT_ASSET_PATHS = "\"PBF/Preview Content\"";
				DEVELOPMENT_TEAM = 6S6995TY46;
				ENABLE_PREVIEWS = YES;
				GENERATE_INFOPLIST_FILE = YES;
				INFOPLIST_KEY_UIApplicationSceneManifest_Generation = YES;
				INFOPLIST_KEY_UIApplicationSupportsIndirectInputEvents = YES;
				INFOPLIST_KEY_UILaunchScreen_Generation = YES;
				INFOPLIST_KEY_UISupportedInterfaceOrientations_iPad = "UIInterfaceOrientationPortrait UIInterfaceOrientationPortraitUpsideDown UIInterfaceOrientationLandscapeLeft UIInterfaceOrientationLandscapeRight";
				INFOPLIST_KEY_UISupportedInterfaceOrientations_iPhone = "UIInterfaceOrientationPortrait UIInterfaceOrientationLandscapeLeft UIInterfaceOrientationLandscapeRight";
				IPHONEOS_DEPLOYMENT_TARGET = 16.4;
				LD_RUNPATH_SEARCH_PATHS = (
					"$(inherited)",
					"@executable_path/Frameworks",
				);
				MARKETING_VERSION = 1.0;
				PRODUCT_BUNDLE_IDENTIFIER = com.gabrielvicentinnegro.PBF;
				PRODUCT_NAME = "$(TARGET_NAME)";
				SWIFT_EMIT_LOC_STRINGS = YES;
				SWIFT_VERSION = 5.0;
				TARGETED_DEVICE_FAMILY = "1,2";
			};
			name = Debug;
		};
		3B7570DF2AB1EF760047FCE4 /* Release */ = {
			isa = XCBuildConfiguration;
			buildSettings = {
				ASSETCATALOG_COMPILER_APPICON_NAME = AppIcon;
				ASSETCATALOG_COMPILER_GLOBAL_ACCENT_COLOR_NAME = AccentColor;
				CODE_SIGN_STYLE = Automatic;
				CURRENT_PROJECT_VERSION = 1;
				DEVELOPMENT_ASSET_PATHS = "\"PBF/Preview Content\"";
				DEVELOPMENT_TEAM = 6S6995TY46;
				ENABLE_PREVIEWS = YES;
				GENERATE_INFOPLIST_FILE = YES;
				INFOPLIST_KEY_UIApplicationSceneManifest_Generation = YES;
				INFOPLIST_KEY_UIApplicationSupportsIndirectInputEvents = YES;
				INFOPLIST_KEY_UILaunchScreen_Generation = YES;
				INFOPLIST_KEY_UISupportedInterfaceOrientations_iPad = "UIInterfaceOrientationPortrait UIInterfaceOrientationPortraitUpsideDown UIInterfaceOrientationLandscapeLeft UIInterfaceOrientationLandscapeRight";
				INFOPLIST_KEY_UISupportedInterfaceOrientations_iPhone = "UIInterfaceOrientationPortrait UIInterfaceOrientationLandscapeLeft UIInterfaceOrientationLandscapeRight";
				IPHONEOS_DEPLOYMENT_TARGET = 16.4;
				LD_RUNPATH_SEARCH_PATHS = (
					"$(inherited)",
					"@executable_path/Frameworks",
				);
				MARKETING_VERSION = 1.0;
				PRODUCT_BUNDLE_IDENTIFIER = com.gabrielvicentinnegro.PBF;
				PRODUCT_NAME = "$(TARGET_NAME)";
				SWIFT_EMIT_LOC_STRINGS = YES;
				SWIFT_VERSION = 5.0;
				TARGETED_DEVICE_FAMILY = "1,2";
			};
			name = Release;
		};
/* End XCBuildConfiguration section */

/* Begin XCConfigurationList section */
		3B7570CA2AB1EF750047FCE4 /* Build configuration list for PBXProject "PBF" */ = {
			isa = XCConfigurationList;
			buildConfigurations = (
				3B7570DB2AB1EF760047FCE4 /* Debug */,
				3B7570DC2AB1EF760047FCE4 /* Release */,
			);
			defaultConfigurationIsVisible = 0;
			defaultConfigurationName = Release;
		};
		3B7570DD2AB1EF760047FCE4 /* Build configuration list for PBXNativeTarget "PBF" */ = {
			isa = XCConfigurationList;
			buildConfigurations = (
				3B7570DE2AB1EF760047FCE4 /* Debug */,
				3B7570DF2AB1EF760047FCE4 /* Release */,
			);
			defaultConfigurationIsVisible = 0;
			defaultConfigurationName = Release;
		};
/* End XCConfigurationList section */

/* Begin XCRemoteSwiftPackageReference section */
		3B59C0B42AD6BFAD006C86CF /* XCRemoteSwiftPackageReference "firebase-ios-sdk" */ = {
			isa = XCRemoteSwiftPackageReference;
			repositoryURL = "https://github.com/firebase/firebase-ios-sdk";
			requirement = {
				kind = upToNextMajorVersion;
				minimumVersion = 10.16.0;
			};
		};
		3BBAB7962AD6CD4200C57128 /* XCRemoteSwiftPackageReference "aptabase-swift" */ = {
			isa = XCRemoteSwiftPackageReference;
			repositoryURL = "https://github.com/aptabase/aptabase-swift.git";
			requirement = {
				kind = upToNextMajorVersion;
				minimumVersion = 0.3.3;
			};
		};
/* End XCRemoteSwiftPackageReference section */

/* Begin XCSwiftPackageProductDependency section */
		3B59C0B52AD6BFAD006C86CF /* FirebaseAnalytics */ = {
			isa = XCSwiftPackageProductDependency;
			package = 3B59C0B42AD6BFAD006C86CF /* XCRemoteSwiftPackageReference "firebase-ios-sdk" */;
			productName = FirebaseAnalytics;
		};
		3B59C0B72AD6BFAD006C86CF /* FirebaseAnalyticsOnDeviceConversion */ = {
			isa = XCSwiftPackageProductDependency;
			package = 3B59C0B42AD6BFAD006C86CF /* XCRemoteSwiftPackageReference "firebase-ios-sdk" */;
			productName = FirebaseAnalyticsOnDeviceConversion;
		};
		3B59C0B92AD6BFAD006C86CF /* FirebaseAnalyticsSwift */ = {
			isa = XCSwiftPackageProductDependency;
			package = 3B59C0B42AD6BFAD006C86CF /* XCRemoteSwiftPackageReference "firebase-ios-sdk" */;
			productName = FirebaseAnalyticsSwift;
		};
		3B59C0BB2AD6BFAD006C86CF /* FirebaseAnalyticsWithoutAdIdSupport */ = {
			isa = XCSwiftPackageProductDependency;
			package = 3B59C0B42AD6BFAD006C86CF /* XCRemoteSwiftPackageReference "firebase-ios-sdk" */;
			productName = FirebaseAnalyticsWithoutAdIdSupport;
		};
		3B59C0BD2AD6BFAD006C86CF /* FirebaseAppCheck */ = {
			isa = XCSwiftPackageProductDependency;
			package = 3B59C0B42AD6BFAD006C86CF /* XCRemoteSwiftPackageReference "firebase-ios-sdk" */;
			productName = FirebaseAppCheck;
		};
		3B59C0C72AD6C3E8006C86CF /* FirebaseAnalytics */ = {
			isa = XCSwiftPackageProductDependency;
			package = 3B59C0B42AD6BFAD006C86CF /* XCRemoteSwiftPackageReference "firebase-ios-sdk" */;
			productName = FirebaseAnalytics;
		};
		3B59C0C92AD6C3E8006C86CF /* FirebaseAnalyticsOnDeviceConversion */ = {
			isa = XCSwiftPackageProductDependency;
			package = 3B59C0B42AD6BFAD006C86CF /* XCRemoteSwiftPackageReference "firebase-ios-sdk" */;
			productName = FirebaseAnalyticsOnDeviceConversion;
		};
		3B59C0CB2AD6C3E8006C86CF /* FirebaseAnalyticsSwift */ = {
			isa = XCSwiftPackageProductDependency;
			package = 3B59C0B42AD6BFAD006C86CF /* XCRemoteSwiftPackageReference "firebase-ios-sdk" */;
			productName = FirebaseAnalyticsSwift;
		};
		3B59C0CD2AD6C3E8006C86CF /* FirebaseAnalyticsWithoutAdIdSupport */ = {
			isa = XCSwiftPackageProductDependency;
			package = 3B59C0B42AD6BFAD006C86CF /* XCRemoteSwiftPackageReference "firebase-ios-sdk" */;
			productName = FirebaseAnalyticsWithoutAdIdSupport;
		};
		3B59C0CF2AD6C3E8006C86CF /* FirebaseAppCheck */ = {
			isa = XCSwiftPackageProductDependency;
			package = 3B59C0B42AD6BFAD006C86CF /* XCRemoteSwiftPackageReference "firebase-ios-sdk" */;
			productName = FirebaseAppCheck;
		};
		3B83F7622AD6D048004F4789 /* FirebaseDatabase */ = {
			isa = XCSwiftPackageProductDependency;
			package = 3B59C0B42AD6BFAD006C86CF /* XCRemoteSwiftPackageReference "firebase-ios-sdk" */;
			productName = FirebaseDatabase;
		};
		3B83F7642AD6D048004F4789 /* FirebaseDatabaseSwift */ = {
			isa = XCSwiftPackageProductDependency;
			package = 3B59C0B42AD6BFAD006C86CF /* XCRemoteSwiftPackageReference "firebase-ios-sdk" */;
			productName = FirebaseDatabaseSwift;
		};
		3B83F7662AD6D057004F4789 /* FirebaseFirestore */ = {
			isa = XCSwiftPackageProductDependency;
			package = 3B59C0B42AD6BFAD006C86CF /* XCRemoteSwiftPackageReference "firebase-ios-sdk" */;
			productName = FirebaseFirestore;
		};
		3B83F7682AD6D057004F4789 /* FirebaseFirestoreSwift */ = {
			isa = XCSwiftPackageProductDependency;
			package = 3B59C0B42AD6BFAD006C86CF /* XCRemoteSwiftPackageReference "firebase-ios-sdk" */;
			productName = FirebaseFirestoreSwift;
		};
		3BBAB7972AD6CD4300C57128 /* Aptabase */ = {
			isa = XCSwiftPackageProductDependency;
			package = 3BBAB7962AD6CD4200C57128 /* XCRemoteSwiftPackageReference "aptabase-swift" */;
			productName = Aptabase;
		};
		3BBAB7992AD6CD5500C57128 /* Aptabase */ = {
			isa = XCSwiftPackageProductDependency;
			package = 3BBAB7962AD6CD4200C57128 /* XCRemoteSwiftPackageReference "aptabase-swift" */;
			productName = Aptabase;
		};
/* End XCSwiftPackageProductDependency section */
	};
	rootObject = 3B7570C72AB1EF750047FCE4 /* Project object */;
}
